
Microsoft Visual Studio Solution File, Format Version 12.00
# Visual Studio 15
VisualStudioVersion = 15.0.28307.2092
MinimumVisualStudioVersion = 10.0.40219.1
Project("{FAE04EC0-301F-11D3-BF4B-00C04F79EFBC}") = "RunningStatic2", "RunningStatic2\RunningStatic2.csproj", "{EDD8E264-DE39-4EE2-984D-2C22B3CDF3F0}"
EndProject
Global
	GlobalSection(SolutionConfigurationPlatforms) = preSolution
		Debug|Any CPU = Debug|Any CPU
		Release|Any CPU = Release|Any CPU
	EndGlobalSection
	GlobalSection(ProjectConfigurationPlatforms) = postSolution
		{EDD8E264-DE39-4EE2-984D-2C22B3CDF3F0}.Debug|Any CPU.ActiveCfg = Debug|Any CPU
		{EDD8E264-DE39-4EE2-984D-2C22B3CDF3F0}.Debug|Any CPU.Build.0 = Debug|Any CPU
		{EDD8E264-DE39-4EE2-984D-2C22B3CDF3F0}.Release|Any CPU.ActiveCfg = Release|Any CPU
		{EDD8E264-DE39-4EE2-984D-2C22B3CDF3F0}.Release|Any CPU.Build.0 = Release|Any CPU
	EndGlobalSection
	GlobalSection(SolutionProperties) = preSolution
		HideSolutionNode = FALSE
	EndGlobalSection
	GlobalSection(ExtensibilityGlobals) = postSolution
		SolutionGuid = {B04445DB-09B2-4B07-BD70-0E5996F0D126}
	EndGlobalSection
EndGlobal
